// !$*UTF8*$!
{
	archiveVersion = 1;
	classes = {
	};
	objectVersion = 46;
	objects = {

/* Begin PBXBuildFile section */
		84F45786198B818A002EB89C /* Foundation.framework in Frameworks */ = {isa = PBXBuildFile; fileRef = 84F45785198B818A002EB89C /* Foundation.framework */; };
		84F45788198B818A002EB89C /* CoreGraphics.framework in Frameworks */ = {isa = PBXBuildFile; fileRef = 84F45787198B818A002EB89C /* CoreGraphics.framework */; };
		84F4578A198B818A002EB89C /* UIKit.framework in Frameworks */ = {isa = PBXBuildFile; fileRef = 84F45789198B818A002EB89C /* UIKit.framework */; };
		84F45790198B818A002EB89C /* InfoPlist.strings in Resources */ = {isa = PBXBuildFile; fileRef = 84F4578E198B818A002EB89C /* InfoPlist.strings */; };
		84F45792198B818A002EB89C /* main.m in Sources */ = {isa = PBXBuildFile; fileRef = 84F45791198B818A002EB89C /* main.m */; };
		84F45796198B818A002EB89C /* CCAppDelegate.m in Sources */ = {isa = PBXBuildFile; fileRef = 84F45795198B818A002EB89C /* CCAppDelegate.m */; };
		84F45799198B818A002EB89C /* Main.storyboard in Resources */ = {isa = PBXBuildFile; fileRef = 84F45797198B818A002EB89C /* Main.storyboard */; };
		84F4579C198B818A002EB89C /* CCViewController.m in Sources */ = {isa = PBXBuildFile; fileRef = 84F4579B198B818A002EB89C /* CCViewController.m */; };
		84F4579E198B818A002EB89C /* Images.xcassets in Resources */ = {isa = PBXBuildFile; fileRef = 84F4579D198B818A002EB89C /* Images.xcassets */; };
		84F457A5198B818A002EB89C /* XCTest.framework in Frameworks */ = {isa = PBXBuildFile; fileRef = 84F457A4198B818A002EB89C /* XCTest.framework */; };
		84F457A6198B818A002EB89C /* Foundation.framework in Frameworks */ = {isa = PBXBuildFile; fileRef = 84F45785198B818A002EB89C /* Foundation.framework */; };
		84F457A7198B818A002EB89C /* UIKit.framework in Frameworks */ = {isa = PBXBuildFile; fileRef = 84F45789198B818A002EB89C /* UIKit.framework */; };
		84F457AF198B818A002EB89C /* InfoPlist.strings in Resources */ = {isa = PBXBuildFile; fileRef = 84F457AD198B818A002EB89C /* InfoPlist.strings */; };
		84F457B1198B818A002EB89C /* UITableViewController_Challenge_SolutionTests.m in Sources */ = {isa = PBXBuildFile; fileRef = 84F457B0198B818A002EB89C /* UITableViewController_Challenge_SolutionTests.m */; };
/* End PBXBuildFile section */

/* Begin PBXContainerItemProxy section */
		84F457A8198B818A002EB89C /* PBXContainerItemProxy */ = {
			isa = PBXContainerItemProxy;
			containerPortal = 84F4577A198B818A002EB89C /* Project object */;
			proxyType = 1;
			remoteGlobalIDString = 84F45781198B818A002EB89C;
			remoteInfo = "UITableViewController Challenge Solution";
		};
/* End PBXContainerItemProxy section */

/* Begin PBXFileReference section */
		84F45782198B818A002EB89C /* UITableViewController Challenge Solution.app */ = {isa = PBXFileReference; explicitFileType = wrapper.application; includeInIndex = 0; path = "UITableViewController Challenge Solution.app"; sourceTree = BUILT_PRODUCTS_DIR; };
		84F45785198B818A002EB89C /* Foundation.framework */ = {isa = PBXFileReference; lastKnownFileType = wrapper.framework; name = Foundation.framework; path = System/Library/Frameworks/Foundation.framework; sourceTree = SDKROOT; };
		84F45787198B818A002EB89C /* CoreGraphics.framework */ = {isa = PBXFileReference; lastKnownFileType = wrapper.framework; name = CoreGraphics.framework; path = System/Library/Frameworks/CoreGraphics.framework; sourceTree = SDKROOT; };
		84F45789198B818A002EB89C /* UIKit.framework */ = {isa = PBXFileReference; lastKnownFileType = wrapper.framework; name = UIKit.framework; path = System/Library/Frameworks/UIKit.framework; sourceTree = SDKROOT; };
		84F4578D198B818A002EB89C /* UITableViewController Challenge Solution-Info.plist */ = {isa = PBXFileReference; lastKnownFileType = text.plist.xml; path = "UITableViewController Challenge Solution-Info.plist"; sourceTree = "<group>"; };
		84F4578F198B818A002EB89C /* en */ = {isa = PBXFileReference; lastKnownFileType = text.plist.strings; name = en; path = en.lproj/InfoPlist.strings; sourceTree = "<group>"; };
		84F45791198B818A002EB89C /* main.m */ = {isa = PBXFileReference; lastKnownFileType = sourcecode.c.objc; path = main.m; sourceTree = "<group>"; };
		84F45793198B818A002EB89C /* UITableViewController Challenge Solution-Prefix.pch */ = {isa = PBXFileReference; lastKnownFileType = sourcecode.c.h; path = "UITableViewController Challenge Solution-Prefix.pch"; sourceTree = "<group>"; };
		84F45794198B818A002EB89C /* CCAppDelegate.h */ = {isa = PBXFileReference; lastKnownFileType = sourcecode.c.h; path = CCAppDelegate.h; sourceTree = "<group>"; };
		84F45795198B818A002EB89C /* CCAppDelegate.m */ = {isa = PBXFileReference; lastKnownFileType = sourcecode.c.objc; path = CCAppDelegate.m; sourceTree = "<group>"; };
		84F45798198B818A002EB89C /* Base */ = {isa = PBXFileReference; lastKnownFileType = file.storyboard; name = Base; path = Base.lproj/Main.storyboard; sourceTree = "<group>"; };
		84F4579A198B818A002EB89C /* CCViewController.h */ = {isa = PBXFileReference; lastKnownFileType = sourcecode.c.h; path = CCViewController.h; sourceTree = "<group>"; };
		84F4579B198B818A002EB89C /* CCViewController.m */ = {isa = PBXFileReference; lastKnownFileType = sourcecode.c.objc; path = CCViewController.m; sourceTree = "<group>"; };
		84F4579D198B818A002EB89C /* Images.xcassets */ = {isa = PBXFileReference; lastKnownFileType = folder.assetcatalog; path = Images.xcassets; sourceTree = "<group>"; };
		84F457A3198B818A002EB89C /* UITableViewController Challenge SolutionTests.xctest */ = {isa = PBXFileReference; explicitFileType = wrapper.cfbundle; includeInIndex = 0; path = "UITableViewController Challenge SolutionTests.xctest"; sourceTree = BUILT_PRODUCTS_DIR; };
		84F457A4198B818A002EB89C /* XCTest.framework */ = {isa = PBXFileReference; lastKnownFileType = wrapper.framework; name = XCTest.framework; path = Library/Frameworks/XCTest.framework; sourceTree = DEVELOPER_DIR; };
		84F457AC198B818A002EB89C /* UITableViewController Challenge SolutionTests-Info.plist */ = {isa = PBXFileReference; lastKnownFileType = text.plist.xml; path = "UITableViewController Challenge SolutionTests-Info.plist"; sourceTree = "<group>"; };
		84F457AE198B818A002EB89C /* en */ = {isa = PBXFileReference; lastKnownFileType = text.plist.strings; name = en; path = en.lproj/InfoPlist.strings; sourceTree = "<group>"; };
		84F457B0198B818A002EB89C /* UITableViewController_Challenge_SolutionTests.m */ = {isa = PBXFileReference; lastKnownFileType = sourcecode.c.objc; path = UITableViewController_Challenge_SolutionTests.m; sourceTree = "<group>"; };
/* End PBXFileReference section */

/* Begin PBXFrameworksBuildPhase section */
		84F4577F198B818A002EB89C /* Frameworks */ = {
			isa = PBXFrameworksBuildPhase;
			buildActionMask = 2147483647;
			files = (
				84F45788198B818A002EB89C /* CoreGraphics.framework in Frameworks */,
				84F4578A198B818A002EB89C /* UIKit.framework in Frameworks */,
				84F45786198B818A002EB89C /* Foundation.framework in Frameworks */,
			);
			runOnlyForDeploymentPostprocessing = 0;
		};
		84F457A0198B818A002EB89C /* Frameworks */ = {
			isa = PBXFrameworksBuildPhase;
			buildActionMask = 2147483647;
			files = (
				84F457A5198B818A002EB89C /* XCTest.framework in Frameworks */,
				84F457A7198B818A002EB89C /* UIKit.framework in Frameworks */,
				84F457A6198B818A002EB89C /* Foundation.framework in Frameworks */,
			);
			runOnlyForDeploymentPostprocessing = 0;
		};
/* End PBXFrameworksBuildPhase section */

/* Begin PBXGroup section */
		84F45779198B818A002EB89C = {
			isa = PBXGroup;
			children = (
				84F4578B198B818A002EB89C /* UITableViewController Challenge Solution */,
				84F457AA198B818A002EB89C /* UITableViewController Challenge SolutionTests */,
				84F45784198B818A002EB89C /* Frameworks */,
				84F45783198B818A002EB89C /* Products */,
			);
			sourceTree = "<group>";
		};
		84F45783198B818A002EB89C /* Products */ = {
			isa = PBXGroup;
			children = (
				84F45782198B818A002EB89C /* UITableViewController Challenge Solution.app */,
				84F457A3198B818A002EB89C /* UITableViewController Challenge SolutionTests.xctest */,
			);
			name = Products;
			sourceTree = "<group>";
		};
		84F45784198B818A002EB89C /* Frameworks */ = {
			isa = PBXGroup;
			children = (
				84F45785198B818A002EB89C /* Foundation.framework */,
				84F45787198B818A002EB89C /* CoreGraphics.framework */,
				84F45789198B818A002EB89C /* UIKit.framework */,
				84F457A4198B818A002EB89C /* XCTest.framework */,
			);
			name = Frameworks;
			sourceTree = "<group>";
		};
		84F4578B198B818A002EB89C /* UITableViewController Challenge Solution */ = {
			isa = PBXGroup;
			children = (
				84F45794198B818A002EB89C /* CCAppDelegate.h */,
				84F45795198B818A002EB89C /* CCAppDelegate.m */,
				84F45797198B818A002EB89C /* Main.storyboard */,
				84F4579A198B818A002EB89C /* CCViewController.h */,
				84F4579B198B818A002EB89C /* CCViewController.m */,
				84F4579D198B818A002EB89C /* Images.xcassets */,
				84F4578C198B818A002EB89C /* Supporting Files */,
			);
			path = "UITableViewController Challenge Solution";
			sourceTree = "<group>";
		};
		84F4578C198B818A002EB89C /* Supporting Files */ = {
			isa = PBXGroup;
			children = (
				84F4578D198B818A002EB89C /* UITableViewController Challenge Solution-Info.plist */,
				84F4578E198B818A002EB89C /* InfoPlist.strings */,
				84F45791198B818A002EB89C /* main.m */,
				84F45793198B818A002EB89C /* UITableViewController Challenge Solution-Prefix.pch */,
			);
			name = "Supporting Files";
			sourceTree = "<group>";
		};
		84F457AA198B818A002EB89C /* UITableViewController Challenge SolutionTests */ = {
			isa = PBXGroup;
			children = (
				84F457B0198B818A002EB89C /* UITableViewController_Challenge_SolutionTests.m */,
				84F457AB198B818A002EB89C /* Supporting Files */,
			);
			path = "UITableViewController Challenge SolutionTests";
			sourceTree = "<group>";
		};
		84F457AB198B818A002EB89C /* Supporting Files */ = {
			isa = PBXGroup;
			children = (
				84F457AC198B818A002EB89C /* UITableViewController Challenge SolutionTests-Info.plist */,
				84F457AD198B818A002EB89C /* InfoPlist.strings */,
			);
			name = "Supporting Files";
			sourceTree = "<group>";
		};
/* End PBXGroup section */

/* Begin PBXNativeTarget section */
		84F45781198B818A002EB89C /* UITableViewController Challenge Solution */ = {
			isa = PBXNativeTarget;
			buildConfigurationList = 84F457B4198B818A002EB89C /* Build configuration list for PBXNativeTarget "UITableViewController Challenge Solution" */;
			buildPhases = (
				84F4577E198B818A002EB89C /* Sources */,
				84F4577F198B818A002EB89C /* Frameworks */,
				84F45780198B818A002EB89C /* Resources */,
			);
			buildRules = (
			);
			dependencies = (
			);
			name = "UITableViewController Challenge Solution";
			productName = "UITableViewController Challenge Solution";
			productReference = 84F45782198B818A002EB89C /* UITableViewController Challenge Solution.app */;
			productType = "com.apple.product-type.application";
		};
		84F457A2198B818A002EB89C /* UITableViewController Challenge SolutionTests */ = {
			isa = PBXNativeTarget;
			buildConfigurationList = 84F457B7198B818A002EB89C /* Build configuration list for PBXNativeTarget "UITableViewController Challenge SolutionTests" */;
			buildPhases = (
				84F4579F198B818A002EB89C /* Sources */,
				84F457A0198B818A002EB89C /* Frameworks */,
				84F457A1198B818A002EB89C /* Resources */,
			);
			buildRules = (
			);
			dependencies = (
				84F457A9198B818A002EB89C /* PBXTargetDependency */,
			);
			name = "UITableViewController Challenge SolutionTests";
			productName = "UITableViewController Challenge SolutionTests";
			productReference = 84F457A3198B818A002EB89C /* UITableViewController Challenge SolutionTests.xctest */;
			productType = "com.apple.product-type.bundle.unit-test";
		};
/* End PBXNativeTarget section */

/* Begin PBXProject section */
		84F4577A198B818A002EB89C /* Project object */ = {
			isa = PBXProject;
			attributes = {
				CLASSPREFIX = CC;
				LastUpgradeCheck = 0510;
				ORGANIZATIONNAME = "Mohammad Asjad";
				TargetAttributes = {
					84F457A2198B818A002EB89C = {
						TestTargetID = 84F45781198B818A002EB89C;
					};
				};
			};
			buildConfigurationList = 84F4577D198B818A002EB89C /* Build configuration list for PBXProject "UITableViewController Challenge Solution" */;
			compatibilityVersion = "Xcode 3.2";
			developmentRegion = English;
			hasScannedForEncodings = 0;
			knownRegions = (
				en,
				Base,
			);
			mainGroup = 84F45779198B818A002EB89C;
			productRefGroup = 84F45783198B818A002EB89C /* Products */;
			projectDirPath = "";
			projectRoot = "";
			targets = (
				84F45781198B818A002EB89C /* UITableViewController Challenge Solution */,
				84F457A2198B818A002EB89C /* UITableViewController Challenge SolutionTests */,
			);
		};
/* End PBXProject section */

/* Begin PBXResourcesBuildPhase section */
		84F45780198B818A002EB89C /* Resources */ = {
			isa = PBXResourcesBuildPhase;
			buildActionMask = 2147483647;
			files = (
				84F4579E198B818A002EB89C /* Images.xcassets in Resources */,
				84F45790198B818A002EB89C /* InfoPlist.strings in Resources */,
				84F45799198B818A002EB89C /* Main.storyboard in Resources */,
			);
			runOnlyForDeploymentPostprocessing = 0;
		};
		84F457A1198B818A002EB89C /* Resources */ = {
			isa = PBXResourcesBuildPhase;
			buildActionMask = 2147483647;
			files = (
				84F457AF198B818A002EB89C /* InfoPlist.strings in Resources */,
			);
			runOnlyForDeploymentPostprocessing = 0;
		};
/* End PBXResourcesBuildPhase section */

/* Begin PBXSourcesBuildPhase section */
		84F4577E198B818A002EB89C /* Sources */ = {
			isa = PBXSourcesBuildPhase;
			buildActionMask = 2147483647;
			files = (
				84F45796198B818A002EB89C /* CCAppDelegate.m in Sources */,
				84F45792198B818A002EB89C /* main.m in Sources */,
				84F4579C198B818A002EB89C /* CCViewController.m in Sources */,
			);
			runOnlyForDeploymentPostprocessing = 0;
		};
		84F4579F198B818A002EB89C /* Sources */ = {
			isa = PBXSourcesBuildPhase;
			buildActionMask = 2147483647;
			files = (
				84F457B1198B818A002EB89C /* UITableViewController_Challenge_SolutionTests.m in Sources */,
			);
			runOnlyForDeploymentPostprocessing = 0;
		};
/* End PBXSourcesBuildPhase section */

/* Begin PBXTargetDependency section */
		84F457A9198B818A002EB89C /* PBXTargetDependency */ = {
			isa = PBXTargetDependency;
			target = 84F45781198B818A002EB89C /* UITableViewController Challenge Solution */;
			targetProxy = 84F457A8198B818A002EB89C /* PBXContainerItemProxy */;
		};
/* End PBXTargetDependency section */

/* Begin PBXVariantGroup section */
		84F4578E198B818A002EB89C /* InfoPlist.strings */ = {
			isa = PBXVariantGroup;
			children = (
				84F4578F198B818A002EB89C /* en */,
			);
			name = InfoPlist.strings;
			sourceTree = "<group>";
		};
		84F45797198B818A002EB89C /* Main.storyboard */ = {
			isa = PBXVariantGroup;
			children = (
				84F45798198B818A002EB89C /* Base */,
			);
			name = Main.storyboard;
			sourceTree = "<group>";
		};
		84F457AD198B818A002EB89C /* InfoPlist.strings */ = {
			isa = PBXVariantGroup;
			children = (
				84F457AE198B818A002EB89C /* en */,
			);
			name = InfoPlist.strings;
			sourceTree = "<group>";
		};
/* End PBXVariantGroup section */

/* Begin XCBuildConfiguration section */
		84F457B2198B818A002EB89C /* Debug */ = {
			isa = XCBuildConfiguration;
			buildSettings = {
				ALWAYS_SEARCH_USER_PATHS = NO;
				CLANG_CXX_LANGUAGE_STANDARD = "gnu++0x";
				CLANG_CXX_LIBRARY = "libc++";
				CLANG_ENABLE_MODULES = YES;
				CLANG_ENABLE_OBJC_ARC = YES;
				CLANG_WARN_BOOL_CONVERSION = YES;
				CLANG_WARN_CONSTANT_CONVERSION = YES;
				CLANG_WARN_DIRECT_OBJC_ISA_USAGE = YES_ERROR;
				CLANG_WARN_EMPTY_BODY = YES;
				CLANG_WARN_ENUM_CONVERSION = YES;
				CLANG_WARN_INT_CONVERSION = YES;
				CLANG_WARN_OBJC_ROOT_CLASS = YES_ERROR;
				CLANG_WARN__DUPLICATE_METHOD_MATCH = YES;
				"CODE_SIGN_IDENTITY[sdk=iphoneos*]" = "iPhone Developer";
				COPY_PHASE_STRIP = NO;
				GCC_C_LANGUAGE_STANDARD = gnu99;
				GCC_DYNAMIC_NO_PIC = NO;
				GCC_OPTIMIZATION_LEVEL = 0;
				GCC_PREPROCESSOR_DEFINITIONS = (
					"DEBUG=1",
					"$(inherited)",
				);
				GCC_SYMBOLS_PRIVATE_EXTERN = NO;
				GCC_WARN_64_TO_32_BIT_CONVERSION = YES;
				GCC_WARN_ABOUT_RETURN_TYPE = YES_ERROR;
				GCC_WARN_UNDECLARED_SELECTOR = YES;
				GCC_WARN_UNINITIALIZED_AUTOS = YES_AGGRESSIVE;
				GCC_WARN_UNUSED_FUNCTION = YES;
				GCC_WARN_UNUSED_VARIABLE = YES;
				IPHONEOS_DEPLOYMENT_TARGET = 7.1;
				ONLY_ACTIVE_ARCH = YES;
				SDKROOT = iphoneos;
			};
			name = Debug;
		};
		84F457B3198B818A002EB89C /* Release */ = {
			isa = XCBuildConfiguration;
			buildSettings = {
				ALWAYS_SEARCH_USER_PATHS = NO;
				CLANG_CXX_LANGUAGE_STANDARD = "gnu++0x";
				CLANG_CXX_LIBRARY = "libc++";
				CLANG_ENABLE_MODULES = YES;
				CLANG_ENABLE_OBJC_ARC = YES;
				CLANG_WARN_BOOL_CONVERSION = YES;
				CLANG_WARN_CONSTANT_CONVERSION = YES;
				CLANG_WARN_DIRECT_OBJC_ISA_USAGE = YES_ERROR;
				CLANG_WARN_EMPTY_BODY = YES;
				CLANG_WARN_ENUM_CONVERSION = YES;
				CLANG_WARN_INT_CONVERSION = YES;
				CLANG_WARN_OBJC_ROOT_CLASS = YES_ERROR;
				CLANG_WARN__DUPLICATE_METHOD_MATCH = YES;
				"CODE_SIGN_IDENTITY[sdk=iphoneos*]" = "iPhone Developer";
				COPY_PHASE_STRIP = YES;
				ENABLE_NS_ASSERTIONS = NO;
				GCC_C_LANGUAGE_STANDARD = gnu99;
				GCC_WARN_64_TO_32_BIT_CONVERSION = YES;
				GCC_WARN_ABOUT_RETURN_TYPE = YES_ERROR;
				GCC_WARN_UNDECLARED_SELECTOR = YES;
				GCC_WARN_UNINITIALIZED_AUTOS = YES_AGGRESSIVE;
				GCC_WARN_UNUSED_FUNCTION = YES;
				GCC_WARN_UNUSED_VARIABLE = YES;
				IPHONEOS_DEPLOYMENT_TARGET = 7.1;
				SDKROOT = iphoneos;
				VALIDATE_PRODUCT = YES;
			};
			name = Release;
		};
		84F457B5198B818A002EB89C /* Debug */ = {
			isa = XCBuildConfiguration;
			buildSettings = {
				ASSETCATALOG_COMPILER_APPICON_NAME = AppIcon;
				ASSETCATALOG_COMPILER_LAUNCHIMAGE_NAME = LaunchImage;
				GCC_PRECOMPILE_PREFIX_HEADER = YES;
				GCC_PREFIX_HEADER = "UITableViewController Challenge Solution/UITableViewController Challenge Solution-Prefix.pch";
				INFOPLIST_FILE = "UITableViewController Challenge Solution/UITableViewController Challenge Solution-Info.plist";
				PRODUCT_NAME = "$(TARGET_NAME)";
				WRAPPER_EXTENSION = app;
			};
			name = Debug;
		};
		84F457B6198B818A002EB89C /* Release */ = {
			isa = XCBuildConfiguration;
			buildSettings = {
				ASSETCATALOG_COMPILER_APPICON_NAME = AppIcon;
				ASSETCATALOG_COMPILER_LAUNCHIMAGE_NAME = LaunchImage;
				GCC_PRECOMPILE_PREFIX_HEADER = YES;
				GCC_PREFIX_HEADER = "UITableViewController Challenge Solution/UITableViewController Challenge Solution-Prefix.pch";
				INFOPLIST_FILE = "UITableViewController Challenge Solution/UITableViewController Challenge Solution-Info.plist";
				PRODUCT_NAME = "$(TARGET_NAME)";
				WRAPPER_EXTENSION = app;
			};
			name = Release;
		};
		84F457B8198B818A002EB89C /* Debug */ = {
			isa = XCBuildConfiguration;
			buildSettings = {
				BUNDLE_LOADER = "$(BUILT_PRODUCTS_DIR)/UITableViewController Challenge Solution.app/UITableViewController Challenge Solution";
				FRAMEWORK_SEARCH_PATHS = (
					"$(SDKROOT)/Developer/Library/Frameworks",
					"$(inherited)",
					"$(DEVELOPER_FRAMEWORKS_DIR)",
				);
				GCC_PRECOMPILE_PREFIX_HEADER = YES;
				GCC_PREFIX_HEADER = "UITableViewController Challenge Solution/UITableViewController Challenge Solution-Prefix.pch";
				GCC_PREPROCESSOR_DEFINITIONS = (
					"DEBUG=1",
					"$(inherited)",
				);
				INFOPLIST_FILE = "UITableViewController Challenge SolutionTests/UITableViewController Challenge SolutionTests-Info.plist";
				PRODUCT_NAME = "$(TARGET_NAME)";
				TEST_HOST = "$(BUNDLE_LOADER)";
				WRAPPER_EXTENSION = xctest;
			};
			name = Debug;
		};
		84F457B9198B818A002EB89C /* Release */ = {
			isa = XCBuildConfiguration;
			buildSettings = {
				BUNDLE_LOADER = "$(BUILT_PRODUCTS_DIR)/UITableViewController Challenge Solution.app/UITableViewController Challenge Solution";
				FRAMEWORK_SEARCH_PATHS = (
					"$(SDKROOT)/Developer/Library/Frameworks",
					"$(inherited)",
					"$(DEVELOPER_FRAMEWORKS_DIR)",
				);
				GCC_PRECOMPILE_PREFIX_HEADER = YES;
				GCC_PREFIX_HEADER = "UITableViewController Challenge Solution/UITableViewController Challenge Solution-Prefix.pch";
				INFOPLIST_FILE = "UITableViewController Challenge SolutionTests/UITableViewController Challenge SolutionTests-Info.plist";
				PRODUCT_NAME = "$(TARGET_NAME)";
				TEST_HOST = "$(BUNDLE_LOADER)";
				WRAPPER_EXTENSION = xctest;
			};
			name = Release;
		};
/* End XCBuildConfiguration section */

/* Begin XCConfigurationList section */
		84F4577D198B818A002EB89C /* Build configuration list for PBXProject "UITableViewController Challenge Solution" */ = {
			isa = XCConfigurationList;
			buildConfigurations = (
				84F457B2198B818A002EB89C /* Debug */,
				84F457B3198B818A002EB89C /* Release */,
			);
			defaultConfigurationIsVisible = 0;
			defaultConfigurationName = Release;
		};
		84F457B4198B818A002EB89C /* Build configuration list for PBXNativeTarget "UITableViewController Challenge Solution" */ = {
			isa = XCConfigurationList;
			buildConfigurations = (
				84F457B5198B818A002EB89C /* Debug */,
				84F457B6198B818A002EB89C /* Release */,
			);
			defaultConfigurationIsVisible = 0;
		};
		84F457B7198B818A002EB89C /* Build configuration list for PBXNativeTarget "UITableViewController Challenge SolutionTests" */ = {
			isa = XCConfigurationList;
			buildConfigurations = (
				84F457B8198B818A002EB89C /* Debug */,
				84F457B9198B818A002EB89C /* Release */,
			);
			defaultConfigurationIsVisible = 0;
		};
/* End XCConfigurationList section */
	};
	rootObject = 84F4577A198B818A002EB89C /* Project object */;
}
